
Microsoft Visual Studio Solution File, Format Version 12.00
# Visual Studio 15
VisualStudioVersion = 15.0.28307.757
MinimumVisualStudioVersion = 10.0.40219.1
Project("{9A19103F-16F7-4668-BE54-9A1E7A4F7556}") = "PrzegladarkaTest", "PrzegladarkaTest\PrzegladarkaTest.csproj", "{B7CA528A-3FCD-4EA7-BC05-4207B9648FAB}"
EndProject
Global
	GlobalSection(SolutionConfigurationPlatforms) = preSolution
		Debug|Any CPU = Debug|Any CPU
		Release|Any CPU = Release|Any CPU
	EndGlobalSection
	GlobalSection(ProjectConfigurationPlatforms) = postSolution
		{B7CA528A-3FCD-4EA7-BC05-4207B9648FAB}.Debug|Any CPU.ActiveCfg = Debug|Any CPU
		{B7CA528A-3FCD-4EA7-BC05-4207B9648FAB}.Debug|Any CPU.Build.0 = Debug|Any CPU
		{B7CA528A-3FCD-4EA7-BC05-4207B9648FAB}.Release|Any CPU.ActiveCfg = Release|Any CPU
		{B7CA528A-3FCD-4EA7-BC05-4207B9648FAB}.Release|Any CPU.Build.0 = Release|Any CPU
	EndGlobalSection
	GlobalSection(SolutionProperties) = preSolution
		HideSolutionNode = FALSE
	EndGlobalSection
	GlobalSection(ExtensibilityGlobals) = postSolution
		SolutionGuid = {E11312A9-AFCB-465B-A6F0-B7BBE2D94DA3}
	EndGlobalSection
EndGlobal
